// !$*UTF8*$!
{
	archiveVersion = 1;
	classes = {
	};
	objectVersion = 46;
	objects = {

/* Begin PBXBuildFile section */
		F939C1E6219F16DD0036FEBC /* AppDelegate.swift in Sources */ = {isa = PBXBuildFile; fileRef = F939C1E5219F16DD0036FEBC /* AppDelegate.swift */; };
		F939C1E8219F16DD0036FEBC /* ViewController.swift in Sources */ = {isa = PBXBuildFile; fileRef = F939C1E7219F16DD0036FEBC /* ViewController.swift */; };
		F939C1EB219F16DD0036FEBC /* Main.storyboard in Resources */ = {isa = PBXBuildFile; fileRef = F939C1E9219F16DD0036FEBC /* Main.storyboard */; };
		F939C1ED219F16DD0036FEBC /* Assets.xcassets in Resources */ = {isa = PBXBuildFile; fileRef = F939C1EC219F16DD0036FEBC /* Assets.xcassets */; };
		F939C1F0219F16DD0036FEBC /* LaunchScreen.storyboard in Resources */ = {isa = PBXBuildFile; fileRef = F939C1EE219F16DD0036FEBC /* LaunchScreen.storyboard */; };
		F9FE14E7219F1A9300068F32 /* MapForItinerary.swift in Sources */ = {isa = PBXBuildFile; fileRef = F9FE14E6219F1A9300068F32 /* MapForItinerary.swift */; };
/* End PBXBuildFile section */

/* Begin PBXFileReference section */
		F939C1E2219F16DD0036FEBC /* GitUseExample.app */ = {isa = PBXFileReference; explicitFileType = wrapper.application; includeInIndex = 0; path = GitUseExample.app; sourceTree = BUILT_PRODUCTS_DIR; };
		F939C1E5219F16DD0036FEBC /* AppDelegate.swift */ = {isa = PBXFileReference; lastKnownFileType = sourcecode.swift; path = AppDelegate.swift; sourceTree = "<group>"; };
		F939C1E7219F16DD0036FEBC /* ViewController.swift */ = {isa = PBXFileReference; lastKnownFileType = sourcecode.swift; path = ViewController.swift; sourceTree = "<group>"; };
		F939C1EA219F16DD0036FEBC /* Base */ = {isa = PBXFileReference; lastKnownFileType = file.storyboard; name = Base; path = Base.lproj/Main.storyboard; sourceTree = "<group>"; };
		F939C1EC219F16DD0036FEBC /* Assets.xcassets */ = {isa = PBXFileReference; lastKnownFileType = folder.assetcatalog; path = Assets.xcassets; sourceTree = "<group>"; };
		F939C1EF219F16DD0036FEBC /* Base */ = {isa = PBXFileReference; lastKnownFileType = file.storyboard; name = Base; path = Base.lproj/LaunchScreen.storyboard; sourceTree = "<group>"; };
		F939C1F1219F16DD0036FEBC /* Info.plist */ = {isa = PBXFileReference; lastKnownFileType = text.plist.xml; path = Info.plist; sourceTree = "<group>"; };
		F9FE14E6219F1A9300068F32 /* MapForItinerary.swift */ = {isa = PBXFileReference; fileEncoding = 4; lastKnownFileType = sourcecode.swift; path = MapForItinerary.swift; sourceTree = "<group>"; };
/* End PBXFileReference section */

/* Begin PBXFrameworksBuildPhase section */
		F939C1DF219F16DD0036FEBC /* Frameworks */ = {
			isa = PBXFrameworksBuildPhase;
			buildActionMask = 2147483647;
			files = (
			);
			runOnlyForDeploymentPostprocessing = 0;
		};
/* End PBXFrameworksBuildPhase section */

/* Begin PBXGroup section */
		F939C1D9219F16DD0036FEBC = {
			isa = PBXGroup;
			children = (
				F939C1E4219F16DD0036FEBC /* GitUseExample */,
				F939C1E3219F16DD0036FEBC /* Products */,
			);
			sourceTree = "<group>";
		};
		F939C1E3219F16DD0036FEBC /* Products */ = {
			isa = PBXGroup;
			children = (
				F939C1E2219F16DD0036FEBC /* GitUseExample.app */,
			);
			name = Products;
			sourceTree = "<group>";
		};
		F939C1E4219F16DD0036FEBC /* GitUseExample */ = {
			isa = PBXGroup;
			children = (
				F939C1E5219F16DD0036FEBC /* AppDelegate.swift */,
				F939C1E7219F16DD0036FEBC /* ViewController.swift */,
				F9FE14E6219F1A9300068F32 /* MapForItinerary.swift */,
				F939C1E9219F16DD0036FEBC /* Main.storyboard */,
				F939C1EC219F16DD0036FEBC /* Assets.xcassets */,
				F939C1EE219F16DD0036FEBC /* LaunchScreen.storyboard */,
				F939C1F1219F16DD0036FEBC /* Info.plist */,
			);
			path = GitUseExample;
			sourceTree = "<group>";
		};
/* End PBXGroup section */

/* Begin PBXNativeTarget section */
		F939C1E1219F16DD0036FEBC /* GitUseExample */ = {
			isa = PBXNativeTarget;
			buildConfigurationList = F939C1F4219F16DD0036FEBC /* Build configuration list for PBXNativeTarget "GitUseExample" */;
			buildPhases = (
				F939C1DE219F16DD0036FEBC /* Sources */,
				F939C1DF219F16DD0036FEBC /* Frameworks */,
				F939C1E0219F16DD0036FEBC /* Resources */,
			);
			buildRules = (
			);
			dependencies = (
			);
			name = GitUseExample;
			productName = GitUseExample;
			productReference = F939C1E2219F16DD0036FEBC /* GitUseExample.app */;
			productType = "com.apple.product-type.application";
		};
/* End PBXNativeTarget section */

/* Begin PBXProject section */
		F939C1DA219F16DD0036FEBC /* Project object */ = {
			isa = PBXProject;
			attributes = {
				LastSwiftUpdateCheck = 0830;
				LastUpgradeCheck = 0830;
				ORGANIZATIONNAME = "Eswaran, Pranav V";
				TargetAttributes = {
					F939C1E1219F16DD0036FEBC = {
						CreatedOnToolsVersion = 8.3.2;
						ProvisioningStyle = Automatic;
					};
				};
			};
			buildConfigurationList = F939C1DD219F16DD0036FEBC /* Build configuration list for PBXProject "GitUseExample" */;
			compatibilityVersion = "Xcode 3.2";
			developmentRegion = English;
			hasScannedForEncodings = 0;
			knownRegions = (
				en,
				Base,
			);
			mainGroup = F939C1D9219F16DD0036FEBC;
			productRefGroup = F939C1E3219F16DD0036FEBC /* Products */;
			projectDirPath = "";
			projectRoot = "";
			targets = (
				F939C1E1219F16DD0036FEBC /* GitUseExample */,
			);
		};
/* End PBXProject section */

/* Begin PBXResourcesBuildPhase section */
		F939C1E0219F16DD0036FEBC /* Resources */ = {
			isa = PBXResourcesBuildPhase;
			buildActionMask = 2147483647;
			files = (
				F939C1F0219F16DD0036FEBC /* LaunchScreen.storyboard in Resources */,
				F939C1ED219F16DD0036FEBC /* Assets.xcassets in Resources */,
				F939C1EB219F16DD0036FEBC /* Main.storyboard in Resources */,
			);
			runOnlyForDeploymentPostprocessing = 0;
		};
/* End PBXResourcesBuildPhase section */

/* Begin PBXSourcesBuildPhase section */
		F939C1DE219F16DD0036FEBC /* Sources */ = {
			isa = PBXSourcesBuildPhase;
			buildActionMask = 2147483647;
			files = (
				F939C1E8219F16DD0036FEBC /* ViewController.swift in Sources */,
				F939C1E6219F16DD0036FEBC /* AppDelegate.swift in Sources */,
				F9FE14E7219F1A9300068F32 /* MapForItinerary.swift in Sources */,
			);
			runOnlyForDeploymentPostprocessing = 0;
		};
/* End PBXSourcesBuildPhase section */

/* Begin PBXVariantGroup section */
		F939C1E9219F16DD0036FEBC /* Main.storyboard */ = {
			isa = PBXVariantGroup;
			children = (
				F939C1EA219F16DD0036FEBC /* Base */,
			);
			name = Main.storyboard;
			sourceTree = "<group>";
		};
		F939C1EE219F16DD0036FEBC /* LaunchScreen.storyboard */ = {
			isa = PBXVariantGroup;
			children = (
				F939C1EF219F16DD0036FEBC /* Base */,
			);
			name = LaunchScreen.storyboard;
			sourceTree = "<group>";
		};
/* End PBXVariantGroup section */

/* Begin XCBuildConfiguration section */
		F939C1F2219F16DD0036FEBC /* Debug */ = {
			isa = XCBuildConfiguration;
			buildSettings = {
				ALWAYS_SEARCH_USER_PATHS = NO;
				CLANG_ANALYZER_NONNULL = YES;
				CLANG_ANALYZER_NUMBER_OBJECT_CONVERSION = YES_AGGRESSIVE;
				CLANG_CXX_LANGUAGE_STANDARD = "gnu++0x";
				CLANG_CXX_LIBRARY = "libc++";
				CLANG_ENABLE_MODULES = YES;
				CLANG_ENABLE_OBJC_ARC = YES;
				CLANG_WARN_BOOL_CONVERSION = YES;
				CLANG_WARN_CONSTANT_CONVERSION = YES;
				CLANG_WARN_DIRECT_OBJC_ISA_USAGE = YES_ERROR;
				CLANG_WARN_DOCUMENTATION_COMMENTS = YES;
				CLANG_WARN_EMPTY_BODY = YES;
				CLANG_WARN_ENUM_CONVERSION = YES;
				CLANG_WARN_INFINITE_RECURSION = YES;
				CLANG_WARN_INT_CONVERSION = YES;
				CLANG_WARN_OBJC_ROOT_CLASS = YES_ERROR;
				CLANG_WARN_SUSPICIOUS_MOVE = YES;
				CLANG_WARN_UNREACHABLE_CODE = YES;
				CLANG_WARN__DUPLICATE_METHOD_MATCH = YES;
				"CODE_SIGN_IDENTITY[sdk=iphoneos*]" = "iPhone Developer";
				COPY_PHASE_STRIP = NO;
				DEBUG_INFORMATION_FORMAT = dwarf;
				ENABLE_STRICT_OBJC_MSGSEND = YES;
				ENABLE_TESTABILITY = YES;
				GCC_C_LANGUAGE_STANDARD = gnu99;
				GCC_DYNAMIC_NO_PIC = NO;
				GCC_NO_COMMON_BLOCKS = YES;
				GCC_OPTIMIZATION_LEVEL = 0;
				GCC_PREPROCESSOR_DEFINITIONS = (
					"DEBUG=1",
					"$(inherited)",
				);
				GCC_WARN_64_TO_32_BIT_CONVERSION = YES;
				GCC_WARN_ABOUT_RETURN_TYPE = YES_ERROR;
				GCC_WARN_UNDECLARED_SELECTOR = YES;
				GCC_WARN_UNINITIALIZED_AUTOS = YES_AGGRESSIVE;
				GCC_WARN_UNUSED_FUNCTION = YES;
				GCC_WARN_UNUSED_VARIABLE = YES;
				IPHONEOS_DEPLOYMENT_TARGET = 10.3;
				MTL_ENABLE_DEBUG_INFO = YES;
				ONLY_ACTIVE_ARCH = YES;
				SDKROOT = iphoneos;
				SWIFT_ACTIVE_COMPILATION_CONDITIONS = DEBUG;
				SWIFT_OPTIMIZATION_LEVEL = "-Onone";
				TARGETED_DEVICE_FAMILY = "1,2";
			};
			name = Debug;
		};
		F939C1F3219F16DD0036FEBC /* Release */ = {
			isa = XCBuildConfiguration;
			buildSettings = {
				ALWAYS_SEARCH_USER_PATHS = NO;
				CLANG_ANALYZER_NONNULL = YES;
				CLANG_ANALYZER_NUMBER_OBJECT_CONVERSION = YES_AGGRESSIVE;
				CLANG_CXX_LANGUAGE_STANDARD = "gnu++0x";
				CLANG_CXX_LIBRARY = "libc++";
				CLANG_ENABLE_MODULES = YES;
				CLANG_ENABLE_OBJC_ARC = YES;
				CLANG_WARN_BOOL_CONVERSION = YES;
				CLANG_WARN_CONSTANT_CONVERSION = YES;
				CLANG_WARN_DIRECT_OBJC_ISA_USAGE = YES_ERROR;
				CLANG_WARN_DOCUMENTATION_COMMENTS = YES;
				CLANG_WARN_EMPTY_BODY = YES;
				CLANG_WARN_ENUM_CONVERSION = YES;
				CLANG_WARN_INFINITE_RECURSION = YES;
				CLANG_WARN_INT_CONVERSION = YES;
				CLANG_WARN_OBJC_ROOT_CLASS = YES_ERROR;
				CLANG_WARN_SUSPICIOUS_MOVE = YES;
				CLANG_WARN_UNREACHABLE_CODE = YES;
				CLANG_WARN__DUPLICATE_METHOD_MATCH = YES;
				"CODE_SIGN_IDENTITY[sdk=iphoneos*]" = "iPhone Developer";
				COPY_PHASE_STRIP = NO;
				DEBUG_INFORMATION_FORMAT = "dwarf-with-dsym";
				ENABLE_NS_ASSERTIONS = NO;
				ENABLE_STRICT_OBJC_MSGSEND = YES;
				GCC_C_LANGUAGE_STANDARD = gnu99;
				GCC_NO_COMMON_BLOCKS = YES;
				GCC_WARN_64_TO_32_BIT_CONVERSION = YES;
				GCC_WARN_ABOUT_RETURN_TYPE = YES_ERROR;
				GCC_WARN_UNDECLARED_SELECTOR = YES;
				GCC_WARN_UNINITIALIZED_AUTOS = YES_AGGRESSIVE;
				GCC_WARN_UNUSED_FUNCTION = YES;
				GCC_WARN_UNUSED_VARIABLE = YES;
				IPHONEOS_DEPLOYMENT_TARGET = 10.3;
				MTL_ENABLE_DEBUG_INFO = NO;
				SDKROOT = iphoneos;
				SWIFT_OPTIMIZATION_LEVEL = "-Owholemodule";
				TARGETED_DEVICE_FAMILY = "1,2";
				VALIDATE_PRODUCT = YES;
			};
			name = Release;
		};
		F939C1F5219F16DD0036FEBC /* Debug */ = {
			isa = XCBuildConfiguration;
			buildSettings = {
				ASSETCATALOG_COMPILER_APPICON_NAME = AppIcon;
				INFOPLIST_FILE = GitUseExample/Info.plist;
				LD_RUNPATH_SEARCH_PATHS = "$(inherited) @executable_path/Frameworks";
				PRODUCT_BUNDLE_IDENTIFIER = pranav.GitUseExample;
				PRODUCT_NAME = "$(TARGET_NAME)";
				SWIFT_VERSION = 3.0;
			};
			name = Debug;
		};
		F939C1F6219F16DD0036FEBC /* Release */ = {
			isa = XCBuildConfiguration;
			buildSettings = {
				ASSETCATALOG_COMPILER_APPICON_NAME = AppIcon;
				INFOPLIST_FILE = GitUseExample/Info.plist;
				LD_RUNPATH_SEARCH_PATHS = "$(inherited) @executable_path/Frameworks";
				PRODUCT_BUNDLE_IDENTIFIER = pranav.GitUseExample;
				PRODUCT_NAME = "$(TARGET_NAME)";
				SWIFT_VERSION = 3.0;
			};
			name = Release;
		};
/* End XCBuildConfiguration section */

/* Begin XCConfigurationList section */
		F939C1DD219F16DD0036FEBC /* Build configuration list for PBXProject "GitUseExample" */ = {
			isa = XCConfigurationList;
			buildConfigurations = (
				F939C1F2219F16DD0036FEBC /* Debug */,
				F939C1F3219F16DD0036FEBC /* Release */,
			);
			defaultConfigurationIsVisible = 0;
			defaultConfigurationName = Release;
		};
		F939C1F4219F16DD0036FEBC /* Build configuration list for PBXNativeTarget "GitUseExample" */ = {
			isa = XCConfigurationList;
			buildConfigurations = (
				F939C1F5219F16DD0036FEBC /* Debug */,
				F939C1F6219F16DD0036FEBC /* Release */,
			);
			defaultConfigurationIsVisible = 0;
			defaultConfigurationName = Release;
		};
/* End XCConfigurationList section */
	};
	rootObject = F939C1DA219F16DD0036FEBC /* Project object */;
}
